
Microsoft Visual Studio Solution File, Format Version 12.00
# Visual Studio Version 17
VisualStudioVersion = 17.9.34723.18
MinimumVisualStudioVersion = 10.0.40219.1
Project("{FAE04EC0-301F-11D3-BF4B-00C04F79EFBC}") = "PractikaC#1", "PractikaC#1\PractikaC#1.csproj", "{FC3F2725-0E66-4D0C-834E-3F7406390912}"
EndProject
Global
	GlobalSection(SolutionConfigurationPlatforms) = preSolution
		Debug|Any CPU = Debug|Any CPU
		Release|Any CPU = Release|Any CPU
	EndGlobalSection
	GlobalSection(ProjectConfigurationPlatforms) = postSolution
		{FC3F2725-0E66-4D0C-834E-3F7406390912}.Debug|Any CPU.ActiveCfg = Debug|Any CPU
		{FC3F2725-0E66-4D0C-834E-3F7406390912}.Debug|Any CPU.Build.0 = Debug|Any CPU
		{FC3F2725-0E66-4D0C-834E-3F7406390912}.Release|Any CPU.ActiveCfg = Release|Any CPU
		{FC3F2725-0E66-4D0C-834E-3F7406390912}.Release|Any CPU.Build.0 = Release|Any CPU
	EndGlobalSection
	GlobalSection(SolutionProperties) = preSolution
		HideSolutionNode = FALSE
	EndGlobalSection
	GlobalSection(ExtensibilityGlobals) = postSolution
		SolutionGuid = {724588DC-5226-42F8-BC49-47FAAE320252}
	EndGlobalSection
EndGlobal
